
Microsoft Visual Studio Solution File, Format Version 12.00
# Visual Studio Version 17
VisualStudioVersion = 17.0.31903.59
MinimumVisualStudioVersion = 10.0.40219.1
Project("{FAE04EC0-301F-11D3-BF4B-00C04F79EFBC}") = "API", "API\API.csproj", "{A80B29A0-827A-4709-9312-679961C2474C}"
EndProject
Project("{FAE04EC0-301F-11D3-BF4B-00C04F79EFBC}") = "Core", "Core\Core.csproj", "{B582AB01-D57E-4F9F-BEBC-05F021B9D447}"
EndProject
Project("{FAE04EC0-301F-11D3-BF4B-00C04F79EFBC}") = "Infrastructure", "Infrastructure\Infrastructure.csproj", "{A383FC61-901C-4F13-BC63-621F0EEF0A3B}"
EndProject
Global
	GlobalSection(SolutionConfigurationPlatforms) = preSolution
		Debug|Any CPU = Debug|Any CPU
		Release|Any CPU = Release|Any CPU
	EndGlobalSection
	GlobalSection(SolutionProperties) = preSolution
		HideSolutionNode = FALSE
	EndGlobalSection
	GlobalSection(ProjectConfigurationPlatforms) = postSolution
		{A80B29A0-827A-4709-9312-679961C2474C}.Debug|Any CPU.ActiveCfg = Debug|Any CPU
		{A80B29A0-827A-4709-9312-679961C2474C}.Debug|Any CPU.Build.0 = Debug|Any CPU
		{A80B29A0-827A-4709-9312-679961C2474C}.Release|Any CPU.ActiveCfg = Release|Any CPU
		{A80B29A0-827A-4709-9312-679961C2474C}.Release|Any CPU.Build.0 = Release|Any CPU
		{B582AB01-D57E-4F9F-BEBC-05F021B9D447}.Debug|Any CPU.ActiveCfg = Debug|Any CPU
		{B582AB01-D57E-4F9F-BEBC-05F021B9D447}.Debug|Any CPU.Build.0 = Debug|Any CPU
		{B582AB01-D57E-4F9F-BEBC-05F021B9D447}.Release|Any CPU.ActiveCfg = Release|Any CPU
		{B582AB01-D57E-4F9F-BEBC-05F021B9D447}.Release|Any CPU.Build.0 = Release|Any CPU
		{A383FC61-901C-4F13-BC63-621F0EEF0A3B}.Debug|Any CPU.ActiveCfg = Debug|Any CPU
		{A383FC61-901C-4F13-BC63-621F0EEF0A3B}.Debug|Any CPU.Build.0 = Debug|Any CPU
		{A383FC61-901C-4F13-BC63-621F0EEF0A3B}.Release|Any CPU.ActiveCfg = Release|Any CPU
		{A383FC61-901C-4F13-BC63-621F0EEF0A3B}.Release|Any CPU.Build.0 = Release|Any CPU
	EndGlobalSection
EndGlobal
